
Microsoft Visual Studio Solution File, Format Version 12.00
Project("{FAE04EC0-301F-11D3-BF4B-00C04F79EFBC}") = "Shapes", "Shapes\Shapes.csproj", "{98B9FDE3-B489-442C-8778-92BD2BE59CEF}"
EndProject
Global
	GlobalSection(SolutionConfigurationPlatforms) = preSolution
		Debug|Any CPU = Debug|Any CPU
		Release|Any CPU = Release|Any CPU
	EndGlobalSection
	GlobalSection(ProjectConfigurationPlatforms) = postSolution
		{98B9FDE3-B489-442C-8778-92BD2BE59CEF}.Debug|Any CPU.ActiveCfg = Debug|Any CPU
		{98B9FDE3-B489-442C-8778-92BD2BE59CEF}.Debug|Any CPU.Build.0 = Debug|Any CPU
		{98B9FDE3-B489-442C-8778-92BD2BE59CEF}.Release|Any CPU.ActiveCfg = Release|Any CPU
		{98B9FDE3-B489-442C-8778-92BD2BE59CEF}.Release|Any CPU.Build.0 = Release|Any CPU
	EndGlobalSection
EndGlobal
